// !$*UTF8*$!
{
	archiveVersion = 1;
	classes = {
	};
	objectVersion = 55;
	objects = {

/* Begin PBXBuildFile section */
		A41E9373279A2F0B00B6DA1A /* AppDelegate.swift in Sources */ = {isa = PBXBuildFile; fileRef = A41E9372279A2F0B00B6DA1A /* AppDelegate.swift */; };
		A41E9375279A2F0B00B6DA1A /* SceneDelegate.swift in Sources */ = {isa = PBXBuildFile; fileRef = A41E9374279A2F0B00B6DA1A /* SceneDelegate.swift */; };
		A41E9377279A2F0B00B6DA1A /* ViewController.swift in Sources */ = {isa = PBXBuildFile; fileRef = A41E9376279A2F0B00B6DA1A /* ViewController.swift */; };
		A41E937A279A2F0B00B6DA1A /* Main.storyboard in Resources */ = {isa = PBXBuildFile; fileRef = A41E9378279A2F0B00B6DA1A /* Main.storyboard */; };
		A41E937C279A2F0D00B6DA1A /* Assets.xcassets in Resources */ = {isa = PBXBuildFile; fileRef = A41E937B279A2F0D00B6DA1A /* Assets.xcassets */; };
		A41E937F279A2F0D00B6DA1A /* LaunchScreen.storyboard in Resources */ = {isa = PBXBuildFile; fileRef = A41E937D279A2F0D00B6DA1A /* LaunchScreen.storyboard */; };
		A41E938B279A397800B6DA1A /* OnboardingViewController.swift in Sources */ = {isa = PBXBuildFile; fileRef = A41E938A279A397800B6DA1A /* OnboardingViewController.swift */; };
		A41E938D279A3C3900B6DA1A /* UIView+Extension.swift in Sources */ = {isa = PBXBuildFile; fileRef = A41E938C279A3C3900B6DA1A /* UIView+Extension.swift */; };
		A41E938F279A3D9E00B6DA1A /* OnboardingSlide.swift in Sources */ = {isa = PBXBuildFile; fileRef = A41E938E279A3D9E00B6DA1A /* OnboardingSlide.swift */; };
		A41E9391279A400E00B6DA1A /* OnboardingCollectionViewCell.swift in Sources */ = {isa = PBXBuildFile; fileRef = A41E9390279A400E00B6DA1A /* OnboardingCollectionViewCell.swift */; };
/* End PBXBuildFile section */

/* Begin PBXFileReference section */
		A41E936F279A2F0B00B6DA1A /* Yummie.app */ = {isa = PBXFileReference; explicitFileType = wrapper.application; includeInIndex = 0; path = Yummie.app; sourceTree = BUILT_PRODUCTS_DIR; };
		A41E9372279A2F0B00B6DA1A /* AppDelegate.swift */ = {isa = PBXFileReference; lastKnownFileType = sourcecode.swift; path = AppDelegate.swift; sourceTree = "<group>"; };
		A41E9374279A2F0B00B6DA1A /* SceneDelegate.swift */ = {isa = PBXFileReference; lastKnownFileType = sourcecode.swift; path = SceneDelegate.swift; sourceTree = "<group>"; };
		A41E9376279A2F0B00B6DA1A /* ViewController.swift */ = {isa = PBXFileReference; lastKnownFileType = sourcecode.swift; path = ViewController.swift; sourceTree = "<group>"; };
		A41E9379279A2F0B00B6DA1A /* Base */ = {isa = PBXFileReference; lastKnownFileType = file.storyboard; name = Base; path = Base.lproj/Main.storyboard; sourceTree = "<group>"; };
		A41E937B279A2F0D00B6DA1A /* Assets.xcassets */ = {isa = PBXFileReference; lastKnownFileType = folder.assetcatalog; path = Assets.xcassets; sourceTree = "<group>"; };
		A41E937E279A2F0D00B6DA1A /* Base */ = {isa = PBXFileReference; lastKnownFileType = file.storyboard; name = Base; path = Base.lproj/LaunchScreen.storyboard; sourceTree = "<group>"; };
		A41E9380279A2F0D00B6DA1A /* Info.plist */ = {isa = PBXFileReference; lastKnownFileType = text.plist.xml; path = Info.plist; sourceTree = "<group>"; };
		A41E938A279A397800B6DA1A /* OnboardingViewController.swift */ = {isa = PBXFileReference; lastKnownFileType = sourcecode.swift; path = OnboardingViewController.swift; sourceTree = "<group>"; };
		A41E938C279A3C3900B6DA1A /* UIView+Extension.swift */ = {isa = PBXFileReference; lastKnownFileType = sourcecode.swift; path = "UIView+Extension.swift"; sourceTree = "<group>"; };
		A41E938E279A3D9E00B6DA1A /* OnboardingSlide.swift */ = {isa = PBXFileReference; lastKnownFileType = sourcecode.swift; path = OnboardingSlide.swift; sourceTree = "<group>"; };
		A41E9390279A400E00B6DA1A /* OnboardingCollectionViewCell.swift */ = {isa = PBXFileReference; lastKnownFileType = sourcecode.swift; path = OnboardingCollectionViewCell.swift; sourceTree = "<group>"; };
		A439ED7C279B828D0089BD9F /* en */ = {isa = PBXFileReference; lastKnownFileType = text.plist.strings; name = en; path = en.lproj/Main.strings; sourceTree = "<group>"; };
/* End PBXFileReference section */

/* Begin PBXFrameworksBuildPhase section */
		A41E936C279A2F0B00B6DA1A /* Frameworks */ = {
			isa = PBXFrameworksBuildPhase;
			buildActionMask = 2147483647;
			files = (
			);
			runOnlyForDeploymentPostprocessing = 0;
		};
/* End PBXFrameworksBuildPhase section */

/* Begin PBXGroup section */
		A41E9366279A2F0B00B6DA1A = {
			isa = PBXGroup;
			children = (
				A41E9371279A2F0B00B6DA1A /* Yummie */,
				A41E9370279A2F0B00B6DA1A /* Products */,
			);
			sourceTree = "<group>";
		};
		A41E9370279A2F0B00B6DA1A /* Products */ = {
			isa = PBXGroup;
			children = (
				A41E936F279A2F0B00B6DA1A /* Yummie.app */,
			);
			name = Products;
			sourceTree = "<group>";
		};
		A41E9371279A2F0B00B6DA1A /* Yummie */ = {
			isa = PBXGroup;
			children = (
				A41E9388279A392D00B6DA1A /* CustomViews */,
				A41E9387279A392300B6DA1A /* Scenes */,
				A41E9386279A391E00B6DA1A /* Models */,
				A41E9372279A2F0B00B6DA1A /* AppDelegate.swift */,
				A41E9374279A2F0B00B6DA1A /* SceneDelegate.swift */,
				A41E9376279A2F0B00B6DA1A /* ViewController.swift */,
				A41E9378279A2F0B00B6DA1A /* Main.storyboard */,
				A41E937B279A2F0D00B6DA1A /* Assets.xcassets */,
				A41E937D279A2F0D00B6DA1A /* LaunchScreen.storyboard */,
				A41E9380279A2F0D00B6DA1A /* Info.plist */,
			);
			path = Yummie;
			sourceTree = "<group>";
		};
		A41E9386279A391E00B6DA1A /* Models */ = {
			isa = PBXGroup;
			children = (
				A41E938E279A3D9E00B6DA1A /* OnboardingSlide.swift */,
			);
			path = Models;
			sourceTree = "<group>";
		};
		A41E9387279A392300B6DA1A /* Scenes */ = {
			isa = PBXGroup;
			children = (
				A41E9389279A393C00B6DA1A /* Onboarding */,
			);
			path = Scenes;
			sourceTree = "<group>";
		};
		A41E9388279A392D00B6DA1A /* CustomViews */ = {
			isa = PBXGroup;
			children = (
				A41E938C279A3C3900B6DA1A /* UIView+Extension.swift */,
			);
			path = CustomViews;
			sourceTree = "<group>";
		};
		A41E9389279A393C00B6DA1A /* Onboarding */ = {
			isa = PBXGroup;
			children = (
				A41E938A279A397800B6DA1A /* OnboardingViewController.swift */,
				A41E9390279A400E00B6DA1A /* OnboardingCollectionViewCell.swift */,
			);
			path = Onboarding;
			sourceTree = "<group>";
		};
/* End PBXGroup section */

/* Begin PBXNativeTarget section */
		A41E936E279A2F0B00B6DA1A /* Yummie */ = {
			isa = PBXNativeTarget;
			buildConfigurationList = A41E9383279A2F0D00B6DA1A /* Build configuration list for PBXNativeTarget "Yummie" */;
			buildPhases = (
				A41E936B279A2F0B00B6DA1A /* Sources */,
				A41E936C279A2F0B00B6DA1A /* Frameworks */,
				A41E936D279A2F0B00B6DA1A /* Resources */,
			);
			buildRules = (
			);
			dependencies = (
			);
			name = Yummie;
			productName = Yummie;
			productReference = A41E936F279A2F0B00B6DA1A /* Yummie.app */;
			productType = "com.apple.product-type.application";
		};
/* End PBXNativeTarget section */

/* Begin PBXProject section */
		A41E9367279A2F0B00B6DA1A /* Project object */ = {
			isa = PBXProject;
			attributes = {
				BuildIndependentTargetsInParallel = 1;
				LastSwiftUpdateCheck = 1320;
				LastUpgradeCheck = 1320;
				TargetAttributes = {
					A41E936E279A2F0B00B6DA1A = {
						CreatedOnToolsVersion = 13.2.1;
					};
				};
			};
			buildConfigurationList = A41E936A279A2F0B00B6DA1A /* Build configuration list for PBXProject "Yummie" */;
			compatibilityVersion = "Xcode 13.0";
			developmentRegion = en;
			hasScannedForEncodings = 0;
			knownRegions = (
				en,
				Base,
			);
			mainGroup = A41E9366279A2F0B00B6DA1A;
			productRefGroup = A41E9370279A2F0B00B6DA1A /* Products */;
			projectDirPath = "";
			projectRoot = "";
			targets = (
				A41E936E279A2F0B00B6DA1A /* Yummie */,
			);
		};
/* End PBXProject section */

/* Begin PBXResourcesBuildPhase section */
		A41E936D279A2F0B00B6DA1A /* Resources */ = {
			isa = PBXResourcesBuildPhase;
			buildActionMask = 2147483647;
			files = (
				A41E937F279A2F0D00B6DA1A /* LaunchScreen.storyboard in Resources */,
				A41E937C279A2F0D00B6DA1A /* Assets.xcassets in Resources */,
				A41E937A279A2F0B00B6DA1A /* Main.storyboard in Resources */,
			);
			runOnlyForDeploymentPostprocessing = 0;
		};
/* End PBXResourcesBuildPhase section */

/* Begin PBXSourcesBuildPhase section */
		A41E936B279A2F0B00B6DA1A /* Sources */ = {
			isa = PBXSourcesBuildPhase;
			buildActionMask = 2147483647;
			files = (
				A41E9377279A2F0B00B6DA1A /* ViewController.swift in Sources */,
				A41E9373279A2F0B00B6DA1A /* AppDelegate.swift in Sources */,
				A41E9375279A2F0B00B6DA1A /* SceneDelegate.swift in Sources */,
				A41E938D279A3C3900B6DA1A /* UIView+Extension.swift in Sources */,
				A41E938F279A3D9E00B6DA1A /* OnboardingSlide.swift in Sources */,
				A41E9391279A400E00B6DA1A /* OnboardingCollectionViewCell.swift in Sources */,
				A41E938B279A397800B6DA1A /* OnboardingViewController.swift in Sources */,
			);
			runOnlyForDeploymentPostprocessing = 0;
		};
/* End PBXSourcesBuildPhase section */

/* Begin PBXVariantGroup section */
		A41E9378279A2F0B00B6DA1A /* Main.storyboard */ = {
			isa = PBXVariantGroup;
			children = (
				A41E9379279A2F0B00B6DA1A /* Base */,
				A439ED7C279B828D0089BD9F /* en */,
			);
			name = Main.storyboard;
			sourceTree = "<group>";
		};
		A41E937D279A2F0D00B6DA1A /* LaunchScreen.storyboard */ = {
			isa = PBXVariantGroup;
			children = (
				A41E937E279A2F0D00B6DA1A /* Base */,
			);
			name = LaunchScreen.storyboard;
			sourceTree = "<group>";
		};
/* End PBXVariantGroup section */

/* Begin XCBuildConfiguration section */
		A41E9381279A2F0D00B6DA1A /* Debug */ = {
			isa = XCBuildConfiguration;
			buildSettings = {
				ALWAYS_SEARCH_USER_PATHS = NO;
				CLANG_ANALYZER_NONNULL = YES;
				CLANG_ANALYZER_NUMBER_OBJECT_CONVERSION = YES_AGGRESSIVE;
				CLANG_CXX_LANGUAGE_STANDARD = "gnu++17";
				CLANG_CXX_LIBRARY = "libc++";
				CLANG_ENABLE_MODULES = YES;
				CLANG_ENABLE_OBJC_ARC = YES;
				CLANG_ENABLE_OBJC_WEAK = YES;
				CLANG_WARN_BLOCK_CAPTURE_AUTORELEASING = YES;
				CLANG_WARN_BOOL_CONVERSION = YES;
				CLANG_WARN_COMMA = YES;
				CLANG_WARN_CONSTANT_CONVERSION = YES;
				CLANG_WARN_DEPRECATED_OBJC_IMPLEMENTATIONS = YES;
				CLANG_WARN_DIRECT_OBJC_ISA_USAGE = YES_ERROR;
				CLANG_WARN_DOCUMENTATION_COMMENTS = YES;
				CLANG_WARN_EMPTY_BODY = YES;
				CLANG_WARN_ENUM_CONVERSION = YES;
				CLANG_WARN_INFINITE_RECURSION = YES;
				CLANG_WARN_INT_CONVERSION = YES;
				CLANG_WARN_NON_LITERAL_NULL_CONVERSION = YES;
				CLANG_WARN_OBJC_IMPLICIT_RETAIN_SELF = YES;
				CLANG_WARN_OBJC_LITERAL_CONVERSION = YES;
				CLANG_WARN_OBJC_ROOT_CLASS = YES_ERROR;
				CLANG_WARN_QUOTED_INCLUDE_IN_FRAMEWORK_HEADER = YES;
				CLANG_WARN_RANGE_LOOP_ANALYSIS = YES;
				CLANG_WARN_STRICT_PROTOTYPES = YES;
				CLANG_WARN_SUSPICIOUS_MOVE = YES;
				CLANG_WARN_UNGUARDED_AVAILABILITY = YES_AGGRESSIVE;
				CLANG_WARN_UNREACHABLE_CODE = YES;
				CLANG_WARN__DUPLICATE_METHOD_MATCH = YES;
				COPY_PHASE_STRIP = NO;
				DEBUG_INFORMATION_FORMAT = dwarf;
				ENABLE_STRICT_OBJC_MSGSEND = YES;
				ENABLE_TESTABILITY = YES;
				GCC_C_LANGUAGE_STANDARD = gnu11;
				GCC_DYNAMIC_NO_PIC = NO;
				GCC_NO_COMMON_BLOCKS = YES;
				GCC_OPTIMIZATION_LEVEL = 0;
				GCC_PREPROCESSOR_DEFINITIONS = (
					"DEBUG=1",
					"$(inherited)",
				);
				GCC_WARN_64_TO_32_BIT_CONVERSION = YES;
				GCC_WARN_ABOUT_RETURN_TYPE = YES_ERROR;
				GCC_WARN_UNDECLARED_SELECTOR = YES;
				GCC_WARN_UNINITIALIZED_AUTOS = YES_AGGRESSIVE;
				GCC_WARN_UNUSED_FUNCTION = YES;
				GCC_WARN_UNUSED_VARIABLE = YES;
				IPHONEOS_DEPLOYMENT_TARGET = 15.2;
				MTL_ENABLE_DEBUG_INFO = INCLUDE_SOURCE;
				MTL_FAST_MATH = YES;
				ONLY_ACTIVE_ARCH = YES;
				SDKROOT = iphoneos;
				SWIFT_ACTIVE_COMPILATION_CONDITIONS = DEBUG;
				SWIFT_OPTIMIZATION_LEVEL = "-Onone";
			};
			name = Debug;
		};
		A41E9382279A2F0D00B6DA1A /* Release */ = {
			isa = XCBuildConfiguration;
			buildSettings = {
				ALWAYS_SEARCH_USER_PATHS = NO;
				CLANG_ANALYZER_NONNULL = YES;
				CLANG_ANALYZER_NUMBER_OBJECT_CONVERSION = YES_AGGRESSIVE;
				CLANG_CXX_LANGUAGE_STANDARD = "gnu++17";
				CLANG_CXX_LIBRARY = "libc++";
				CLANG_ENABLE_MODULES = YES;
				CLANG_ENABLE_OBJC_ARC = YES;
				CLANG_ENABLE_OBJC_WEAK = YES;
				CLANG_WARN_BLOCK_CAPTURE_AUTORELEASING = YES;
				CLANG_WARN_BOOL_CONVERSION = YES;
				CLANG_WARN_COMMA = YES;
				CLANG_WARN_CONSTANT_CONVERSION = YES;
				CLANG_WARN_DEPRECATED_OBJC_IMPLEMENTATIONS = YES;
				CLANG_WARN_DIRECT_OBJC_ISA_USAGE = YES_ERROR;
				CLANG_WARN_DOCUMENTATION_COMMENTS = YES;
				CLANG_WARN_EMPTY_BODY = YES;
				CLANG_WARN_ENUM_CONVERSION = YES;
				CLANG_WARN_INFINITE_RECURSION = YES;
				CLANG_WARN_INT_CONVERSION = YES;
				CLANG_WARN_NON_LITERAL_NULL_CONVERSION = YES;
				CLANG_WARN_OBJC_IMPLICIT_RETAIN_SELF = YES;
				CLANG_WARN_OBJC_LITERAL_CONVERSION = YES;
				CLANG_WARN_OBJC_ROOT_CLASS = YES_ERROR;
				CLANG_WARN_QUOTED_INCLUDE_IN_FRAMEWORK_HEADER = YES;
				CLANG_WARN_RANGE_LOOP_ANALYSIS = YES;
				CLANG_WARN_STRICT_PROTOTYPES = YES;
				CLANG_WARN_SUSPICIOUS_MOVE = YES;
				CLANG_WARN_UNGUARDED_AVAILABILITY = YES_AGGRESSIVE;
				CLANG_WARN_UNREACHABLE_CODE = YES;
				CLANG_WARN__DUPLICATE_METHOD_MATCH = YES;
				COPY_PHASE_STRIP = NO;
				DEBUG_INFORMATION_FORMAT = "dwarf-with-dsym";
				ENABLE_NS_ASSERTIONS = NO;
				ENABLE_STRICT_OBJC_MSGSEND = YES;
				GCC_C_LANGUAGE_STANDARD = gnu11;
				GCC_NO_COMMON_BLOCKS = YES;
				GCC_WARN_64_TO_32_BIT_CONVERSION = YES;
				GCC_WARN_ABOUT_RETURN_TYPE = YES_ERROR;
				GCC_WARN_UNDECLARED_SELECTOR = YES;
				GCC_WARN_UNINITIALIZED_AUTOS = YES_AGGRESSIVE;
				GCC_WARN_UNUSED_FUNCTION = YES;
				GCC_WARN_UNUSED_VARIABLE = YES;
				IPHONEOS_DEPLOYMENT_TARGET = 15.2;
				MTL_ENABLE_DEBUG_INFO = NO;
				MTL_FAST_MATH = YES;
				SDKROOT = iphoneos;
				SWIFT_COMPILATION_MODE = wholemodule;
				SWIFT_OPTIMIZATION_LEVEL = "-O";
				VALIDATE_PRODUCT = YES;
			};
			name = Release;
		};
		A41E9384279A2F0D00B6DA1A /* Debug */ = {
			isa = XCBuildConfiguration;
			buildSettings = {
				ASSETCATALOG_COMPILER_APPICON_NAME = AppIcon;
				ASSETCATALOG_COMPILER_GLOBAL_ACCENT_COLOR_NAME = AccentColor;
				CODE_SIGN_STYLE = Automatic;
				CURRENT_PROJECT_VERSION = 1;
				DEVELOPMENT_TEAM = T73532284R;
				GENERATE_INFOPLIST_FILE = YES;
				INFOPLIST_FILE = Yummie/Info.plist;
				INFOPLIST_KEY_UIApplicationSupportsIndirectInputEvents = YES;
				INFOPLIST_KEY_UILaunchStoryboardName = LaunchScreen;
				INFOPLIST_KEY_UIMainStoryboardFile = Main;
				INFOPLIST_KEY_UISupportedInterfaceOrientations_iPad = "UIInterfaceOrientationPortrait UIInterfaceOrientationPortraitUpsideDown UIInterfaceOrientationLandscapeLeft UIInterfaceOrientationLandscapeRight";
				INFOPLIST_KEY_UISupportedInterfaceOrientations_iPhone = "UIInterfaceOrientationPortrait UIInterfaceOrientationLandscapeLeft UIInterfaceOrientationLandscapeRight";
				LD_RUNPATH_SEARCH_PATHS = (
					"$(inherited)",
					"@executable_path/Frameworks",
				);
				MARKETING_VERSION = 1.0;
				PRODUCT_BUNDLE_IDENTIFIER = trimer.vitor.Yummie;
				PRODUCT_NAME = "$(TARGET_NAME)";
				SWIFT_EMIT_LOC_STRINGS = YES;
				SWIFT_VERSION = 5.0;
				TARGETED_DEVICE_FAMILY = "1,2";
			};
			name = Debug;
		};
		A41E9385279A2F0D00B6DA1A /* Release */ = {
			isa = XCBuildConfiguration;
			buildSettings = {
				ASSETCATALOG_COMPILER_APPICON_NAME = AppIcon;
				ASSETCATALOG_COMPILER_GLOBAL_ACCENT_COLOR_NAME = AccentColor;
				CODE_SIGN_STYLE = Automatic;
				CURRENT_PROJECT_VERSION = 1;
				DEVELOPMENT_TEAM = T73532284R;
				GENERATE_INFOPLIST_FILE = YES;
				INFOPLIST_FILE = Yummie/Info.plist;
				INFOPLIST_KEY_UIApplicationSupportsIndirectInputEvents = YES;
				INFOPLIST_KEY_UILaunchStoryboardName = LaunchScreen;
				INFOPLIST_KEY_UIMainStoryboardFile = Main;
				INFOPLIST_KEY_UISupportedInterfaceOrientations_iPad = "UIInterfaceOrientationPortrait UIInterfaceOrientationPortraitUpsideDown UIInterfaceOrientationLandscapeLeft UIInterfaceOrientationLandscapeRight";
				INFOPLIST_KEY_UISupportedInterfaceOrientations_iPhone = "UIInterfaceOrientationPortrait UIInterfaceOrientationLandscapeLeft UIInterfaceOrientationLandscapeRight";
				LD_RUNPATH_SEARCH_PATHS = (
					"$(inherited)",
					"@executable_path/Frameworks",
				);
				MARKETING_VERSION = 1.0;
				PRODUCT_BUNDLE_IDENTIFIER = trimer.vitor.Yummie;
				PRODUCT_NAME = "$(TARGET_NAME)";
				SWIFT_EMIT_LOC_STRINGS = YES;
				SWIFT_VERSION = 5.0;
				TARGETED_DEVICE_FAMILY = "1,2";
			};
			name = Release;
		};
/* End XCBuildConfiguration section */

/* Begin XCConfigurationList section */
		A41E936A279A2F0B00B6DA1A /* Build configuration list for PBXProject "Yummie" */ = {
			isa = XCConfigurationList;
			buildConfigurations = (
				A41E9381279A2F0D00B6DA1A /* Debug */,
				A41E9382279A2F0D00B6DA1A /* Release */,
			);
			defaultConfigurationIsVisible = 0;
			defaultConfigurationName = Release;
		};
		A41E9383279A2F0D00B6DA1A /* Build configuration list for PBXNativeTarget "Yummie" */ = {
			isa = XCConfigurationList;
			buildConfigurations = (
				A41E9384279A2F0D00B6DA1A /* Debug */,
				A41E9385279A2F0D00B6DA1A /* Release */,
			);
			defaultConfigurationIsVisible = 0;
			defaultConfigurationName = Release;
		};
/* End XCConfigurationList section */
	};
	rootObject = A41E9367279A2F0B00B6DA1A /* Project object */;
}
